
Microsoft Visual Studio Solution File, Format Version 12.00
# Visual Studio 2012
Project("{FAE04EC0-301F-11D3-BF4B-00C04F79EFBC}") = "SimpleContextMenu", "SimpleContextMenu.csproj", "{DAE8EDAE-A615-4C45-BA67-6D32454938CD}"
EndProject
Global
	GlobalSection(SolutionConfigurationPlatforms) = preSolution
		Debug|Any CPU = Debug|Any CPU
		Release|Any CPU = Release|Any CPU
	EndGlobalSection
	GlobalSection(ProjectConfigurationPlatforms) = postSolution
		{DAE8EDAE-A615-4C45-BA67-6D32454938CD}.Debug|Any CPU.ActiveCfg = Debug|Any CPU
		{DAE8EDAE-A615-4C45-BA67-6D32454938CD}.Debug|Any CPU.Build.0 = Debug|Any CPU
		{DAE8EDAE-A615-4C45-BA67-6D32454938CD}.Release|Any CPU.ActiveCfg = Release|Any CPU
		{DAE8EDAE-A615-4C45-BA67-6D32454938CD}.Release|Any CPU.Build.0 = Release|Any CPU
	EndGlobalSection
	GlobalSection(SolutionProperties) = preSolution
		HideSolutionNode = FALSE
	EndGlobalSection
EndGlobal
